
Microsoft Visual Studio Solution File, Format Version 12.00
# Visual Studio Version 17
VisualStudioVersion = 17.12.35707.178
MinimumVisualStudioVersion = 10.0.40219.1
Project("{FAE04EC0-301F-11D3-BF4B-00C04F79EFBC}") = "gyokeres", "gyokeres.csproj", "{883CB489-C2E0-4280-BE24-6211AEDC189D}"
EndProject
Project("{2150E333-8FDC-42A3-9474-1A3956D46DE8}") = "Элементы решения", "Элементы решения", "{D67E5C7B-5C49-48C6-876A-E017723BBB0B}"
	ProjectSection(SolutionItems) = preProject
		Prod.cs = Prod.cs
	EndProjectSection
EndProject
Global
	GlobalSection(SolutionConfigurationPlatforms) = preSolution
		Debug|Any CPU = Debug|Any CPU
		Release|Any CPU = Release|Any CPU
	EndGlobalSection
	GlobalSection(ProjectConfigurationPlatforms) = postSolution
		{883CB489-C2E0-4280-BE24-6211AEDC189D}.Debug|Any CPU.ActiveCfg = Debug|Any CPU
		{883CB489-C2E0-4280-BE24-6211AEDC189D}.Debug|Any CPU.Build.0 = Debug|Any CPU
		{883CB489-C2E0-4280-BE24-6211AEDC189D}.Release|Any CPU.ActiveCfg = Release|Any CPU
		{883CB489-C2E0-4280-BE24-6211AEDC189D}.Release|Any CPU.Build.0 = Release|Any CPU
	EndGlobalSection
	GlobalSection(SolutionProperties) = preSolution
		HideSolutionNode = FALSE
	EndGlobalSection
EndGlobal
